
Microsoft Visual Studio Solution File, Format Version 12.00
# Visual Studio Version 16
VisualStudioVersion = 16.0.29102.190
MinimumVisualStudioVersion = 10.0.40219.1
Project("{FAE04EC0-301F-11D3-BF4B-00C04F79EFBC}") = "GitHubExampleApp", "GitHubExampleApp\GitHubExampleApp.csproj", "{A97067E3-9A9B-475B-9BBE-19033CAA23D2}"
EndProject
Global
	GlobalSection(SolutionConfigurationPlatforms) = preSolution
		Debug|Any CPU = Debug|Any CPU
		Release|Any CPU = Release|Any CPU
	EndGlobalSection
	GlobalSection(ProjectConfigurationPlatforms) = postSolution
		{A97067E3-9A9B-475B-9BBE-19033CAA23D2}.Debug|Any CPU.ActiveCfg = Debug|Any CPU
		{A97067E3-9A9B-475B-9BBE-19033CAA23D2}.Debug|Any CPU.Build.0 = Debug|Any CPU
		{A97067E3-9A9B-475B-9BBE-19033CAA23D2}.Release|Any CPU.ActiveCfg = Release|Any CPU
		{A97067E3-9A9B-475B-9BBE-19033CAA23D2}.Release|Any CPU.Build.0 = Release|Any CPU
	EndGlobalSection
	GlobalSection(SolutionProperties) = preSolution
		HideSolutionNode = FALSE
	EndGlobalSection
	GlobalSection(ExtensibilityGlobals) = postSolution
		SolutionGuid = {A64FFE13-65BF-4E48-A767-7B8AA765B852}
	EndGlobalSection
EndGlobal
